dependencies:
- name: postgresql
  repository: https://charts.bitnami.com/bitnami
  version: 11.9.13
- name: common
  repository: https://charts.bitnami.com/bitnami
  version: 2.41.0
digest: sha256:7d74d50e3207c2c6dfd7e6ab41a8841cf0b28bd77620344446d335e3f29c6160
generated: "2026-08-26T16:55:32.269056335Z"
