dependencies:
- name: postgresql
  repository: https://charts.bitnami.com/bitnami
  version: 18.11.4
- name: common
  repository: https://charts.bitnami.com/bitnami
  version: 1.17.1
digest: sha256:9e53938b28f40bfbc1f9a903a2240ad65cce5bb2e1350a0d7d3d04ec004cd297
generated: "2026-09-18T21:53:22.442637402Z"
