dependencies:
- name: postgresql
  repository: https://charts.bitnami.com/bitnami
  version: 12.12.4
- name: common
  repository: https://charts.bitnami.com/bitnami
  version: 1.17.1
digest: sha256:50d4dfd425c42f351915776ac726201e921ece2835a5124c1dd46c8e863ffc5c
generated: "2023-09-20T15:04:46.019081958Z"
