dependencies:
- name: postgresql
  repository: https://charts.bitnami.com/bitnami
  version: 13.4.0
- name: common
  repository: https://charts.bitnami.com/bitnami
  version: 1.17.1
digest: sha256:6a5f544d6682b5e5e5fa5af46526c2b696743c544d03eac621ff7237b76f1386
generated: "2024-01-22T12:43:42.800148577Z"
