dependencies:
- name: postgresql
  repository: https://charts.bitnami.com/bitnami
  version: 18.8.17
- name: common
  repository: https://charts.bitnami.com/bitnami
  version: 1.17.1
digest: sha256:2f501880c9e46d715260437070228479e434a51f5cb3617a3e58c2ac26a91995
generated: "2026-09-04T06:25:20.109644735Z"
