dependencies:
- name: postgresql
  repository: https://charts.bitnami.com/bitnami
  version: 11.1.29
- name: common
  repository: https://charts.bitnami.com/bitnami
  version: 1.14.1
digest: sha256:b62d4481165109ad807e9f9c64221b2677db1edae25156f200f74964738de8bd
generated: "2022-05-24T18:13:56.983248-04:00"
